
Microsoft Visual Studio Solution File, Format Version 12.00
# Visual Studio 15
VisualStudioVersion = 15.0.27703.2047
MinimumVisualStudioVersion = 10.0.40219.1
Project("{FAE04EC0-301F-11D3-BF4B-00C04F79EFBC}") = "WebApplication3", "WebApplication3\WebApplication3.csproj", "{BBCF3285-929B-4A11-9705-25FFB807D34E}"
EndProject
Project("{E24C65DC-7377-472B-9ABA-BC803B73C61A}") = "massage(1)", "massage\", "{214AE5D4-7065-4F16-B7F7-6922ABFB271C}"
	ProjectSection(WebsiteProperties) = preProject
		TargetFrameworkMoniker = ".NETFramework,Version%3Dv4.0"
		Debug.AspNetCompiler.VirtualPath = "/localhost_49921"
		Debug.AspNetCompiler.PhysicalPath = "massage\"
		Debug.AspNetCompiler.TargetPath = "PrecompiledWeb\localhost_49921\"
		Debug.AspNetCompiler.Updateable = "true"
		Debug.AspNetCompiler.ForceOverwrite = "true"
		Debug.AspNetCompiler.FixedNames = "false"
		Debug.AspNetCompiler.Debug = "True"
		Release.AspNetCompiler.VirtualPath = "/localhost_49921"
		Release.AspNetCompiler.PhysicalPath = "massage\"
		Release.AspNetCompiler.TargetPath = "PrecompiledWeb\localhost_49921\"
		Release.AspNetCompiler.Updateable = "true"
		Release.AspNetCompiler.ForceOverwrite = "true"
		Release.AspNetCompiler.FixedNames = "false"
		Release.AspNetCompiler.Debug = "False"
		VWDPort = "49921"
	EndProjectSection
EndProject
Global
	GlobalSection(SolutionConfigurationPlatforms) = preSolution
		Debug|Any CPU = Debug|Any CPU
		Release|Any CPU = Release|Any CPU
	EndGlobalSection
	GlobalSection(ProjectConfigurationPlatforms) = postSolution
		{BBCF3285-929B-4A11-9705-25FFB807D34E}.Debug|Any CPU.ActiveCfg = Debug|Any CPU
		{BBCF3285-929B-4A11-9705-25FFB807D34E}.Debug|Any CPU.Build.0 = Debug|Any CPU
		{BBCF3285-929B-4A11-9705-25FFB807D34E}.Release|Any CPU.ActiveCfg = Release|Any CPU
		{BBCF3285-929B-4A11-9705-25FFB807D34E}.Release|Any CPU.Build.0 = Release|Any CPU
		{214AE5D4-7065-4F16-B7F7-6922ABFB271C}.Debug|Any CPU.ActiveCfg = Debug|Any CPU
		{214AE5D4-7065-4F16-B7F7-6922ABFB271C}.Debug|Any CPU.Build.0 = Debug|Any CPU
		{214AE5D4-7065-4F16-B7F7-6922ABFB271C}.Release|Any CPU.ActiveCfg = Debug|Any CPU
		{214AE5D4-7065-4F16-B7F7-6922ABFB271C}.Release|Any CPU.Build.0 = Debug|Any CPU
	EndGlobalSection
	GlobalSection(SolutionProperties) = preSolution
		HideSolutionNode = FALSE
	EndGlobalSection
	GlobalSection(ExtensibilityGlobals) = postSolution
		SolutionGuid = {72F701A2-CC56-4D81-9E78-EF3192BDB2D6}
	EndGlobalSection
EndGlobal
